// !$*UTF8*$!
{
	archiveVersion = 1;
	classes = {
	};
	objectVersion = 47;
	objects = {

/* Begin PBXBuildFile section */
		1C0D01981C863BD000218409 /* ProjectTableViewCell.swift in Sources */ = {isa = PBXBuildFile; fileRef = 1C0D01961C863BD000218409 /* ProjectTableViewCell.swift */; };
		1C0D01991C863BD000218409 /* ProjectTableViewCell.xib in Resources */ = {isa = PBXBuildFile; fileRef = 1C0D01971C863BD000218409 /* ProjectTableViewCell.xib */; };
		1C4F5ABE1C84E8D500F4C14F /* AddAssembler.swift in Sources */ = {isa = PBXBuildFile; fileRef = 1C4F5AB91C84E8D500F4C14F /* AddAssembler.swift */; };
		1C4F5ABF1C84E8D500F4C14F /* AddContainer.swift in Sources */ = {isa = PBXBuildFile; fileRef = 1C4F5ABA1C84E8D500F4C14F /* AddContainer.swift */; };
		1C4F5AC01C84E8D500F4C14F /* AddInteractor.swift in Sources */ = {isa = PBXBuildFile; fileRef = 1C4F5ABB1C84E8D500F4C14F /* AddInteractor.swift */; };
		1C4F5AC11C84E8D500F4C14F /* AddPresenter.swift in Sources */ = {isa = PBXBuildFile; fileRef = 1C4F5ABC1C84E8D500F4C14F /* AddPresenter.swift */; };
		1C4F5AC21C84E8D500F4C14F /* AddRouter.swift in Sources */ = {isa = PBXBuildFile; fileRef = 1C4F5ABD1C84E8D500F4C14F /* AddRouter.swift */; };
		1C8AECC41C858BBD00FA0E2A /* AddDataManager.swift in Sources */ = {isa = PBXBuildFile; fileRef = 1C8AECC31C858BBD00FA0E2A /* AddDataManager.swift */; };
		1CAE2E1E1C8782E500EEC757 /* Constants.swift in Sources */ = {isa = PBXBuildFile; fileRef = 1CAE2E1D1C8782E500EEC757 /* Constants.swift */; };
		1CC364881C86E5D3007344F2 /* ListDataManager.swift in Sources */ = {isa = PBXBuildFile; fileRef = 1CC364871C86E5D3007344F2 /* ListDataManager.swift */; };
		1CC3648B1C8720F9007344F2 /* MaterialColor.swift in Sources */ = {isa = PBXBuildFile; fileRef = 1CC3648A1C8720F9007344F2 /* MaterialColor.swift */; };
		1CC3648D1C873EBE007344F2 /* NavigationController.swift in Sources */ = {isa = PBXBuildFile; fileRef = 1CC3648C1C873EBE007344F2 /* NavigationController.swift */; };
		1CC3649A1C875B99007344F2 /* DetailAssembler.swift in Sources */ = {isa = PBXBuildFile; fileRef = 1CC364931C875B99007344F2 /* DetailAssembler.swift */; };
		1CC3649B1C875B99007344F2 /* DetailContainer.swift in Sources */ = {isa = PBXBuildFile; fileRef = 1CC364941C875B99007344F2 /* DetailContainer.swift */; };
		1CC3649C1C875B99007344F2 /* DetailDataManager.swift in Sources */ = {isa = PBXBuildFile; fileRef = 1CC364951C875B99007344F2 /* DetailDataManager.swift */; };
		1CC3649D1C875B99007344F2 /* DetailInteractor.swift in Sources */ = {isa = PBXBuildFile; fileRef = 1CC364961C875B99007344F2 /* DetailInteractor.swift */; };
		1CC3649E1C875B99007344F2 /* DetailPresenter.swift in Sources */ = {isa = PBXBuildFile; fileRef = 1CC364971C875B99007344F2 /* DetailPresenter.swift */; };
		1CC3649F1C875B99007344F2 /* DetailRouter.swift in Sources */ = {isa = PBXBuildFile; fileRef = 1CC364981C875B99007344F2 /* DetailRouter.swift */; };
		1CC364A31C875BE9007344F2 /* DetailViewController.swift in Sources */ = {isa = PBXBuildFile; fileRef = 1CC364A11C875BE9007344F2 /* DetailViewController.swift */; };
		1CC364A41C875BE9007344F2 /* DetailViewController.xib in Resources */ = {isa = PBXBuildFile; fileRef = 1CC364A21C875BE9007344F2 /* DetailViewController.xib */; };
		1CC644F11C84D5CD00BD9265 /* AppDelegate.swift in Sources */ = {isa = PBXBuildFile; fileRef = 1CC644F01C84D5CD00BD9265 /* AppDelegate.swift */; };
		1CC644F81C84D5CD00BD9265 /* Main.storyboard in Resources */ = {isa = PBXBuildFile; fileRef = 1CC644F61C84D5CD00BD9265 /* Main.storyboard */; };
		1CC644FA1C84D5CD00BD9265 /* Assets.xcassets in Resources */ = {isa = PBXBuildFile; fileRef = 1CC644F91C84D5CD00BD9265 /* Assets.xcassets */; };
		1CC644FD1C84D5CD00BD9265 /* LaunchScreen.storyboard in Resources */ = {isa = PBXBuildFile; fileRef = 1CC644FB1C84D5CD00BD9265 /* LaunchScreen.storyboard */; };
		1CC645071C84D92500BD9265 /* RouterHelper.swift in Sources */ = {isa = PBXBuildFile; fileRef = 1CC645041C84D92500BD9265 /* RouterHelper.swift */; };
		1CC645081C84D92500BD9265 /* ServiceLocatorAssembler.swift in Sources */ = {isa = PBXBuildFile; fileRef = 1CC645051C84D92500BD9265 /* ServiceLocatorAssembler.swift */; };
		1CC645091C84D92500BD9265 /* ServiceLocatorContainer.swift in Sources */ = {isa = PBXBuildFile; fileRef = 1CC645061C84D92500BD9265 /* ServiceLocatorContainer.swift */; };
		1CC645131C84DAA400BD9265 /* List.storyboard in Resources */ = {isa = PBXBuildFile; fileRef = 1CC645121C84DAA400BD9265 /* List.storyboard */; };
		1CC645251C84DD2100BD9265 /* ListTableViewController.swift in Sources */ = {isa = PBXBuildFile; fileRef = 1CC645231C84DD2100BD9265 /* ListTableViewController.swift */; };
		1CC645261C84DD2100BD9265 /* ListTableViewController.xib in Resources */ = {isa = PBXBuildFile; fileRef = 1CC645241C84DD2100BD9265 /* ListTableViewController.xib */; };
		1CC6452B1C84DD3F00BD9265 /* AddTableViewController.swift in Sources */ = {isa = PBXBuildFile; fileRef = 1CC645291C84DD3F00BD9265 /* AddTableViewController.swift */; };
		1CC6452C1C84DD3F00BD9265 /* AddTableViewController.xib in Resources */ = {isa = PBXBuildFile; fileRef = 1CC6452A1C84DD3F00BD9265 /* AddTableViewController.xib */; };
		1CC6452E1C84DD7800BD9265 /* ListPresenter.swift in Sources */ = {isa = PBXBuildFile; fileRef = 1CC6452D1C84DD7800BD9265 /* ListPresenter.swift */; };
		1CC645301C84DD8800BD9265 /* ListInteractor.swift in Sources */ = {isa = PBXBuildFile; fileRef = 1CC6452F1C84DD8800BD9265 /* ListInteractor.swift */; };
		1CC645321C84DD9A00BD9265 /* ListRouter.swift in Sources */ = {isa = PBXBuildFile; fileRef = 1CC645311C84DD9A00BD9265 /* ListRouter.swift */; };
		1CC645341C84DDAB00BD9265 /* ListAssembler.swift in Sources */ = {isa = PBXBuildFile; fileRef = 1CC645331C84DDAB00BD9265 /* ListAssembler.swift */; };
		1CC645361C84DDB900BD9265 /* ListContainer.swift in Sources */ = {isa = PBXBuildFile; fileRef = 1CC645351C84DDB900BD9265 /* ListContainer.swift */; };
		1CC645401C84DF1900BD9265 /* Root.storyboard in Resources */ = {isa = PBXBuildFile; fileRef = 1CC645381C84DF1900BD9265 /* Root.storyboard */; };
		1CC645411C84DF1900BD9265 /* RootAssembler.swift in Sources */ = {isa = PBXBuildFile; fileRef = 1CC645391C84DF1900BD9265 /* RootAssembler.swift */; };
		1CC645421C84DF1900BD9265 /* RootContainer.swift in Sources */ = {isa = PBXBuildFile; fileRef = 1CC6453A1C84DF1900BD9265 /* RootContainer.swift */; };
		1CC645431C84DF1900BD9265 /* RootInteractor.swift in Sources */ = {isa = PBXBuildFile; fileRef = 1CC6453B1C84DF1900BD9265 /* RootInteractor.swift */; };
		1CC645441C84DF1900BD9265 /* RootPresenter.swift in Sources */ = {isa = PBXBuildFile; fileRef = 1CC6453C1C84DF1900BD9265 /* RootPresenter.swift */; };
		1CC645451C84DF1900BD9265 /* RootRouter.swift in Sources */ = {isa = PBXBuildFile; fileRef = 1CC6453D1C84DF1900BD9265 /* RootRouter.swift */; };
		1CC645461C84DF1900BD9265 /* RootViewController.swift in Sources */ = {isa = PBXBuildFile; fileRef = 1CC6453E1C84DF1900BD9265 /* RootViewController.swift */; };
		1CC645471C84DF1900BD9265 /* RootViewController.xib in Resources */ = {isa = PBXBuildFile; fileRef = 1CC6453F1C84DF1900BD9265 /* RootViewController.xib */; };
		1CF02AEC1C8896B2008CEAEE /* TaskTableViewCell.swift in Sources */ = {isa = PBXBuildFile; fileRef = 1CF02AEA1C8896B2008CEAEE /* TaskTableViewCell.swift */; };
		1CF02AED1C8896B2008CEAEE /* TaskTableViewCell.xib in Resources */ = {isa = PBXBuildFile; fileRef = 1CF02AEB1C8896B2008CEAEE /* TaskTableViewCell.xib */; };
		25C2D4A90C821BE5D2E4C44D /* Pods_ViperTaskManager.framework in Frameworks */ = {isa = PBXBuildFile; fileRef = 8B17782210EAB0C0964F1BE2 /* Pods_ViperTaskManager.framework */; };
		739374611DDEB6A1000C7108 /* Project.swift in Sources */ = {isa = PBXBuildFile; fileRef = 739374601DDEB6A1000C7108 /* Project.swift */; };
		739374631DDEB6AD000C7108 /* Task.swift in Sources */ = {isa = PBXBuildFile; fileRef = 739374621DDEB6AD000C7108 /* Task.swift */; };
		77A802CE61E1979E06162E8D /* Pods_ViperTaskManager.framework in Frameworks */ = {isa = PBXBuildFile; fileRef = 3EC8DA1BFEE159390711F943 /* Pods_ViperTaskManager.framework */; };
/* End PBXBuildFile section */

/* Begin PBXFileReference section */
		1C0D01961C863BD000218409 /* ProjectTableViewCell.swift */ = {isa = PBXFileReference; fileEncoding = 4; lastKnownFileType = sourcecode.swift; path = ProjectTableViewCell.swift; sourceTree = "<group>"; };
		1C0D01971C863BD000218409 /* ProjectTableViewCell.xib */ = {isa = PBXFileReference; fileEncoding = 4; lastKnownFileType = file.xib; path = ProjectTableViewCell.xib; sourceTree = "<group>"; };
		1C4F5AB91C84E8D500F4C14F /* AddAssembler.swift */ = {isa = PBXFileReference; fileEncoding = 4; lastKnownFileType = sourcecode.swift; path = AddAssembler.swift; sourceTree = "<group>"; };
		1C4F5ABA1C84E8D500F4C14F /* AddContainer.swift */ = {isa = PBXFileReference; fileEncoding = 4; lastKnownFileType = sourcecode.swift; path = AddContainer.swift; sourceTree = "<group>"; };
		1C4F5ABB1C84E8D500F4C14F /* AddInteractor.swift */ = {isa = PBXFileReference; fileEncoding = 4; lastKnownFileType = sourcecode.swift; lineEnding = 0; path = AddInteractor.swift; sourceTree = "<group>"; xcLanguageSpecificationIdentifier = xcode.lang.swift; };
		1C4F5ABC1C84E8D500F4C14F /* AddPresenter.swift */ = {isa = PBXFileReference; fileEncoding = 4; lastKnownFileType = sourcecode.swift; path = AddPresenter.swift; sourceTree = "<group>"; };
		1C4F5ABD1C84E8D500F4C14F /* AddRouter.swift */ = {isa = PBXFileReference; fileEncoding = 4; lastKnownFileType = sourcecode.swift; path = AddRouter.swift; sourceTree = "<group>"; };
		1C8AECC31C858BBD00FA0E2A /* AddDataManager.swift */ = {isa = PBXFileReference; fileEncoding = 4; lastKnownFileType = sourcecode.swift; lineEnding = 0; path = AddDataManager.swift; sourceTree = "<group>"; xcLanguageSpecificationIdentifier = xcode.lang.swift; };
		1CAE2E1D1C8782E500EEC757 /* Constants.swift */ = {isa = PBXFileReference; fileEncoding = 4; lastKnownFileType = sourcecode.swift; path = Constants.swift; sourceTree = "<group>"; };
		1CC364871C86E5D3007344F2 /* ListDataManager.swift */ = {isa = PBXFileReference; fileEncoding = 4; lastKnownFileType = sourcecode.swift; lineEnding = 0; path = ListDataManager.swift; sourceTree = "<group>"; xcLanguageSpecificationIdentifier = xcode.lang.swift; };
		1CC3648A1C8720F9007344F2 /* MaterialColor.swift */ = {isa = PBXFileReference; fileEncoding = 4; lastKnownFileType = sourcecode.swift; path = MaterialColor.swift; sourceTree = "<group>"; };
		1CC3648C1C873EBE007344F2 /* NavigationController.swift */ = {isa = PBXFileReference; fileEncoding = 4; lastKnownFileType = sourcecode.swift; path = NavigationController.swift; sourceTree = "<group>"; };
		1CC364931C875B99007344F2 /* DetailAssembler.swift */ = {isa = PBXFileReference; fileEncoding = 4; lastKnownFileType = sourcecode.swift; lineEnding = 0; path = DetailAssembler.swift; sourceTree = "<group>"; xcLanguageSpecificationIdentifier = xcode.lang.swift; };
		1CC364941C875B99007344F2 /* DetailContainer.swift */ = {isa = PBXFileReference; fileEncoding = 4; lastKnownFileType = sourcecode.swift; path = DetailContainer.swift; sourceTree = "<group>"; };
		1CC364951C875B99007344F2 /* DetailDataManager.swift */ = {isa = PBXFileReference; fileEncoding = 4; lastKnownFileType = sourcecode.swift; lineEnding = 0; path = DetailDataManager.swift; sourceTree = "<group>"; xcLanguageSpecificationIdentifier = xcode.lang.swift; };
		1CC364961C875B99007344F2 /* DetailInteractor.swift */ = {isa = PBXFileReference; fileEncoding = 4; lastKnownFileType = sourcecode.swift; lineEnding = 0; path = DetailInteractor.swift; sourceTree = "<group>"; xcLanguageSpecificationIdentifier = xcode.lang.swift; };
		1CC364971C875B99007344F2 /* DetailPresenter.swift */ = {isa = PBXFileReference; fileEncoding = 4; lastKnownFileType = sourcecode.swift; lineEnding = 0; path = DetailPresenter.swift; sourceTree = "<group>"; xcLanguageSpecificationIdentifier = xcode.lang.swift; };
		1CC364981C875B99007344F2 /* DetailRouter.swift */ = {isa = PBXFileReference; fileEncoding = 4; lastKnownFileType = sourcecode.swift; path = DetailRouter.swift; sourceTree = "<group>"; };
		1CC364A11C875BE9007344F2 /* DetailViewController.swift */ = {isa = PBXFileReference; fileEncoding = 4; lastKnownFileType = sourcecode.swift; lineEnding = 0; path = DetailViewController.swift; sourceTree = "<group>"; xcLanguageSpecificationIdentifier = xcode.lang.swift; };
		1CC364A21C875BE9007344F2 /* DetailViewController.xib */ = {isa = PBXFileReference; fileEncoding = 4; lastKnownFileType = file.xib; path = DetailViewController.xib; sourceTree = "<group>"; };
		1CC644ED1C84D5CD00BD9265 /* ViperTaskManager.app */ = {isa = PBXFileReference; explicitFileType = wrapper.application; includeInIndex = 0; path = ViperTaskManager.app; sourceTree = BUILT_PRODUCTS_DIR; };
		1CC644F01C84D5CD00BD9265 /* AppDelegate.swift */ = {isa = PBXFileReference; lastKnownFileType = sourcecode.swift; path = AppDelegate.swift; sourceTree = "<group>"; };
		1CC644F71C84D5CD00BD9265 /* Base */ = {isa = PBXFileReference; lastKnownFileType = file.storyboard; name = Base; path = Base.lproj/Main.storyboard; sourceTree = "<group>"; };
		1CC644F91C84D5CD00BD9265 /* Assets.xcassets */ = {isa = PBXFileReference; lastKnownFileType = folder.assetcatalog; path = Assets.xcassets; sourceTree = "<group>"; };
		1CC644FC1C84D5CD00BD9265 /* Base */ = {isa = PBXFileReference; lastKnownFileType = file.storyboard; name = Base; path = Base.lproj/LaunchScreen.storyboard; sourceTree = "<group>"; };
		1CC644FE1C84D5CD00BD9265 /* Info.plist */ = {isa = PBXFileReference; lastKnownFileType = text.plist.xml; path = Info.plist; sourceTree = "<group>"; };
		1CC645041C84D92500BD9265 /* RouterHelper.swift */ = {isa = PBXFileReference; fileEncoding = 4; lastKnownFileType = sourcecode.swift; lineEnding = 0; path = RouterHelper.swift; sourceTree = "<group>"; xcLanguageSpecificationIdentifier = xcode.lang.swift; };
		1CC645051C84D92500BD9265 /* ServiceLocatorAssembler.swift */ = {isa = PBXFileReference; fileEncoding = 4; lastKnownFileType = sourcecode.swift; lineEnding = 0; path = ServiceLocatorAssembler.swift; sourceTree = "<group>"; xcLanguageSpecificationIdentifier = xcode.lang.swift; };
		1CC645061C84D92500BD9265 /* ServiceLocatorContainer.swift */ = {isa = PBXFileReference; fileEncoding = 4; lastKnownFileType = sourcecode.swift; lineEnding = 0; path = ServiceLocatorContainer.swift; sourceTree = "<group>"; xcLanguageSpecificationIdentifier = xcode.lang.swift; };
		1CC645121C84DAA400BD9265 /* List.storyboard */ = {isa = PBXFileReference; fileEncoding = 4; lastKnownFileType = file.storyboard; path = List.storyboard; sourceTree = "<group>"; };
		1CC645231C84DD2100BD9265 /* ListTableViewController.swift */ = {isa = PBXFileReference; fileEncoding = 4; lastKnownFileType = sourcecode.swift; lineEnding = 0; path = ListTableViewController.swift; sourceTree = "<group>"; xcLanguageSpecificationIdentifier = xcode.lang.swift; };
		1CC645241C84DD2100BD9265 /* ListTableViewController.xib */ = {isa = PBXFileReference; fileEncoding = 4; lastKnownFileType = file.xib; path = ListTableViewController.xib; sourceTree = "<group>"; };
		1CC645291C84DD3F00BD9265 /* AddTableViewController.swift */ = {isa = PBXFileReference; fileEncoding = 4; lastKnownFileType = sourcecode.swift; lineEnding = 0; path = AddTableViewController.swift; sourceTree = "<group>"; xcLanguageSpecificationIdentifier = xcode.lang.swift; };
		1CC6452A1C84DD3F00BD9265 /* AddTableViewController.xib */ = {isa = PBXFileReference; fileEncoding = 4; lastKnownFileType = file.xib; path = AddTableViewController.xib; sourceTree = "<group>"; };
		1CC6452D1C84DD7800BD9265 /* ListPresenter.swift */ = {isa = PBXFileReference; fileEncoding = 4; lastKnownFileType = sourcecode.swift; path = ListPresenter.swift; sourceTree = "<group>"; };
		1CC6452F1C84DD8800BD9265 /* ListInteractor.swift */ = {isa = PBXFileReference; fileEncoding = 4; lastKnownFileType = sourcecode.swift; path = ListInteractor.swift; sourceTree = "<group>"; };
		1CC645311C84DD9A00BD9265 /* ListRouter.swift */ = {isa = PBXFileReference; fileEncoding = 4; lastKnownFileType = sourcecode.swift; path = ListRouter.swift; sourceTree = "<group>"; };
		1CC645331C84DDAB00BD9265 /* ListAssembler.swift */ = {isa = PBXFileReference; fileEncoding = 4; lastKnownFileType = sourcecode.swift; path = ListAssembler.swift; sourceTree = "<group>"; };
		1CC645351C84DDB900BD9265 /* ListContainer.swift */ = {isa = PBXFileReference; fileEncoding = 4; lastKnownFileType = sourcecode.swift; path = ListContainer.swift; sourceTree = "<group>"; };
		1CC645381C84DF1900BD9265 /* Root.storyboard */ = {isa = PBXFileReference; fileEncoding = 4; lastKnownFileType = file.storyboard; path = Root.storyboard; sourceTree = "<group>"; };
		1CC645391C84DF1900BD9265 /* RootAssembler.swift */ = {isa = PBXFileReference; fileEncoding = 4; lastKnownFileType = sourcecode.swift; path = RootAssembler.swift; sourceTree = "<group>"; };
		1CC6453A1C84DF1900BD9265 /* RootContainer.swift */ = {isa = PBXFileReference; fileEncoding = 4; lastKnownFileType = sourcecode.swift; path = RootContainer.swift; sourceTree = "<group>"; };
		1CC6453B1C84DF1900BD9265 /* RootInteractor.swift */ = {isa = PBXFileReference; fileEncoding = 4; lastKnownFileType = sourcecode.swift; path = RootInteractor.swift; sourceTree = "<group>"; };
		1CC6453C1C84DF1900BD9265 /* RootPresenter.swift */ = {isa = PBXFileReference; fileEncoding = 4; lastKnownFileType = sourcecode.swift; path = RootPresenter.swift; sourceTree = "<group>"; };
		1CC6453D1C84DF1900BD9265 /* RootRouter.swift */ = {isa = PBXFileReference; fileEncoding = 4; lastKnownFileType = sourcecode.swift; path = RootRouter.swift; sourceTree = "<group>"; };
		1CC6453E1C84DF1900BD9265 /* RootViewController.swift */ = {isa = PBXFileReference; fileEncoding = 4; lastKnownFileType = sourcecode.swift; path = RootViewController.swift; sourceTree = "<group>"; };
		1CC6453F1C84DF1900BD9265 /* RootViewController.xib */ = {isa = PBXFileReference; fileEncoding = 4; lastKnownFileType = file.xib; path = RootViewController.xib; sourceTree = "<group>"; };
		1CF02AEA1C8896B2008CEAEE /* TaskTableViewCell.swift */ = {isa = PBXFileReference; fileEncoding = 4; lastKnownFileType = sourcecode.swift; path = TaskTableViewCell.swift; sourceTree = "<group>"; };
		1CF02AEB1C8896B2008CEAEE /* TaskTableViewCell.xib */ = {isa = PBXFileReference; fileEncoding = 4; lastKnownFileType = file.xib; path = TaskTableViewCell.xib; sourceTree = "<group>"; };
		298C3280F03C0BC5FF240CBE /* Pods-ViperTaskManager.debug.xcconfig */ = {isa = PBXFileReference; includeInIndex = 1; lastKnownFileType = text.xcconfig; name = "Pods-ViperTaskManager.debug.xcconfig"; path = "Pods/Target Support Files/Pods-ViperTaskManager/Pods-ViperTaskManager.debug.xcconfig"; sourceTree = "<group>"; };
		3EC8DA1BFEE159390711F943 /* Pods_ViperTaskManager.framework */ = {isa = PBXFileReference; explicitFileType = wrapper.framework; includeInIndex = 0; path = Pods_ViperTaskManager.framework; sourceTree = BUILT_PRODUCTS_DIR; };
		739374601DDEB6A1000C7108 /* Project.swift */ = {isa = PBXFileReference; fileEncoding = 4; lastKnownFileType = sourcecode.swift; path = Project.swift; sourceTree = "<group>"; };
		739374621DDEB6AD000C7108 /* Task.swift */ = {isa = PBXFileReference; fileEncoding = 4; lastKnownFileType = sourcecode.swift; path = Task.swift; sourceTree = "<group>"; };
		7C816121021A9E8A9E8651BD /* Pods-ViperTaskManager.release.xcconfig */ = {isa = PBXFileReference; includeInIndex = 1; lastKnownFileType = text.xcconfig; name = "Pods-ViperTaskManager.release.xcconfig"; path = "Pods/Target Support Files/Pods-ViperTaskManager/Pods-ViperTaskManager.release.xcconfig"; sourceTree = "<group>"; };
		8B17782210EAB0C0964F1BE2 /* Pods_ViperTaskManager.framework */ = {isa = PBXFileReference; explicitFileType = wrapper.framework; includeInIndex = 0; path = Pods_ViperTaskManager.framework; sourceTree = BUILT_PRODUCTS_DIR; };
		8E2A15387B0FE23B10C53B40 /* Pods-ViperTaskManager.debug.xcconfig */ = {isa = PBXFileReference; includeInIndex = 1; lastKnownFileType = text.xcconfig; name = "Pods-ViperTaskManager.debug.xcconfig"; path = "Pods/Target Support Files/Pods-ViperTaskManager/Pods-ViperTaskManager.debug.xcconfig"; sourceTree = "<group>"; };
		F52C46C2C5BA8BE403641885 /* Pods-ViperTaskManager.release.xcconfig */ = {isa = PBXFileReference; includeInIndex = 1; lastKnownFileType = text.xcconfig; name = "Pods-ViperTaskManager.release.xcconfig"; path = "Pods/Target Support Files/Pods-ViperTaskManager/Pods-ViperTaskManager.release.xcconfig"; sourceTree = "<group>"; };
/* End PBXFileReference section */

/* Begin PBXFrameworksBuildPhase section */
		1CC644EA1C84D5CD00BD9265 /* Frameworks */ = {
			isa = PBXFrameworksBuildPhase;
			buildActionMask = 2147483647;
			files = (
				77A802CE61E1979E06162E8D /* Pods_ViperTaskManager.framework in Frameworks */,
				25C2D4A90C821BE5D2E4C44D /* Pods_ViperTaskManager.framework in Frameworks */,
			);
			runOnlyForDeploymentPostprocessing = 0;
		};
/* End PBXFrameworksBuildPhase section */

/* Begin PBXGroup section */
		1CAE2E211C87914F00EEC757 /* Data Model */ = {
			isa = PBXGroup;
			children = (
				739374601DDEB6A1000C7108 /* Project.swift */,
				739374621DDEB6AD000C7108 /* Task.swift */,
			);
			name = "Data Model";
			sourceTree = "<group>";
		};
		1CC364891C8720E4007344F2 /* Extensions */ = {
			isa = PBXGroup;
			children = (
				1CC3648A1C8720F9007344F2 /* MaterialColor.swift */,
				1CC3648C1C873EBE007344F2 /* NavigationController.swift */,
			);
			name = Extensions;
			sourceTree = "<group>";
		};
		1CC644E41C84D5CD00BD9265 = {
			isa = PBXGroup;
			children = (
				1CC644EF1C84D5CD00BD9265 /* ViperTaskManager */,
				1CC644EE1C84D5CD00BD9265 /* Products */,
				31064922A433873C68F12321 /* Pods */,
				422C5765CADB31E4D6C51EC8 /* Frameworks */,
			);
			sourceTree = "<group>";
		};
		1CC644EE1C84D5CD00BD9265 /* Products */ = {
			isa = PBXGroup;
			children = (
				1CC644ED1C84D5CD00BD9265 /* ViperTaskManager.app */,
			);
			name = Products;
			sourceTree = "<group>";
		};
		1CC644EF1C84D5CD00BD9265 /* ViperTaskManager */ = {
			isa = PBXGroup;
			children = (
				1CAE2E1D1C8782E500EEC757 /* Constants.swift */,
				1CC644F01C84D5CD00BD9265 /* AppDelegate.swift */,
				1CC644F61C84D5CD00BD9265 /* Main.storyboard */,
				1CC644F91C84D5CD00BD9265 /* Assets.xcassets */,
				1CC6450C1C84D96B00BD9265 /* Modules */,
				1CAE2E211C87914F00EEC757 /* Data Model */,
				1CC364891C8720E4007344F2 /* Extensions */,
				1CC6450B1C84D95800BD9265 /* Base Helpers */,
				1CC6450A1C84D94D00BD9265 /* Supporting Files */,
			);
			path = ViperTaskManager;
			sourceTree = "<group>";
		};
		1CC6450A1C84D94D00BD9265 /* Supporting Files */ = {
			isa = PBXGroup;
			children = (
				1CC644FB1C84D5CD00BD9265 /* LaunchScreen.storyboard */,
				1CC644FE1C84D5CD00BD9265 /* Info.plist */,
			);
			name = "Supporting Files";
			sourceTree = "<group>";
		};
		1CC6450B1C84D95800BD9265 /* Base Helpers */ = {
			isa = PBXGroup;
			children = (
				1CC645041C84D92500BD9265 /* RouterHelper.swift */,
				1CC645051C84D92500BD9265 /* ServiceLocatorAssembler.swift */,
				1CC645061C84D92500BD9265 /* ServiceLocatorContainer.swift */,
			);
			name = "Base Helpers";
			sourceTree = "<group>";
		};
		1CC6450C1C84D96B00BD9265 /* Modules */ = {
			isa = PBXGroup;
			children = (
				1CC645371C84DF0D00BD9265 /* Root */,
				1CC6450D1C84D97A00BD9265 /* Projects */,
			);
			name = Modules;
			sourceTree = "<group>";
		};
		1CC6450D1C84D97A00BD9265 /* Projects */ = {
			isa = PBXGroup;
			children = (
				1CC645121C84DAA400BD9265 /* List.storyboard */,
				1CF02AE81C889612008CEAEE /* Cells */,
				1CC645111C84DA9300BD9265 /* Project List */,
				1CC6450E1C84D9E500BD9265 /* Project Detail Tasks */,
				1CFA4F191C887B73002FAA8C /* Task Detail */,
			);
			name = Projects;
			sourceTree = "<group>";
		};
		1CC6450E1C84D9E500BD9265 /* Project Detail Tasks */ = {
			isa = PBXGroup;
			children = (
				1CC645291C84DD3F00BD9265 /* AddTableViewController.swift */,
				1CC6452A1C84DD3F00BD9265 /* AddTableViewController.xib */,
				1C4F5ABC1C84E8D500F4C14F /* AddPresenter.swift */,
				1C4F5ABD1C84E8D500F4C14F /* AddRouter.swift */,
				1C4F5ABB1C84E8D500F4C14F /* AddInteractor.swift */,
				1C8AECC31C858BBD00FA0E2A /* AddDataManager.swift */,
				1C4F5AB91C84E8D500F4C14F /* AddAssembler.swift */,
				1C4F5ABA1C84E8D500F4C14F /* AddContainer.swift */,
			);
			name = "Project Detail Tasks";
			sourceTree = "<group>";
		};
		1CC645111C84DA9300BD9265 /* Project List */ = {
			isa = PBXGroup;
			children = (
				1CC645231C84DD2100BD9265 /* ListTableViewController.swift */,
				1CC645241C84DD2100BD9265 /* ListTableViewController.xib */,
				1CC6452D1C84DD7800BD9265 /* ListPresenter.swift */,
				1CC645311C84DD9A00BD9265 /* ListRouter.swift */,
				1CC6452F1C84DD8800BD9265 /* ListInteractor.swift */,
				1CC364871C86E5D3007344F2 /* ListDataManager.swift */,
				1CC645331C84DDAB00BD9265 /* ListAssembler.swift */,
				1CC645351C84DDB900BD9265 /* ListContainer.swift */,
			);
			name = "Project List";
			sourceTree = "<group>";
		};
		1CC645371C84DF0D00BD9265 /* Root */ = {
			isa = PBXGroup;
			children = (
				1CC645381C84DF1900BD9265 /* Root.storyboard */,
				1CC645481C84DF1F00BD9265 /* Root */,
			);
			name = Root;
			sourceTree = "<group>";
		};
		1CC645481C84DF1F00BD9265 /* Root */ = {
			isa = PBXGroup;
			children = (
				1CC6453E1C84DF1900BD9265 /* RootViewController.swift */,
				1CC6453F1C84DF1900BD9265 /* RootViewController.xib */,
				1CC6453C1C84DF1900BD9265 /* RootPresenter.swift */,
				1CC6453B1C84DF1900BD9265 /* RootInteractor.swift */,
				1CC6453D1C84DF1900BD9265 /* RootRouter.swift */,
				1CC645391C84DF1900BD9265 /* RootAssembler.swift */,
				1CC6453A1C84DF1900BD9265 /* RootContainer.swift */,
			);
			name = Root;
			sourceTree = "<group>";
		};
		1CF02AE81C889612008CEAEE /* Cells */ = {
			isa = PBXGroup;
			children = (
				1C0D01961C863BD000218409 /* ProjectTableViewCell.swift */,
				1C0D01971C863BD000218409 /* ProjectTableViewCell.xib */,
				1CF02AEA1C8896B2008CEAEE /* TaskTableViewCell.swift */,
				1CF02AEB1C8896B2008CEAEE /* TaskTableViewCell.xib */,
			);
			name = Cells;
			sourceTree = "<group>";
		};
		1CFA4F191C887B73002FAA8C /* Task Detail */ = {
			isa = PBXGroup;
			children = (
				1CC364A11C875BE9007344F2 /* DetailViewController.swift */,
				1CC364A21C875BE9007344F2 /* DetailViewController.xib */,
				1CC364971C875B99007344F2 /* DetailPresenter.swift */,
				1CC364981C875B99007344F2 /* DetailRouter.swift */,
				1CC364961C875B99007344F2 /* DetailInteractor.swift */,
				1CC364951C875B99007344F2 /* DetailDataManager.swift */,
				1CC364931C875B99007344F2 /* DetailAssembler.swift */,
				1CC364941C875B99007344F2 /* DetailContainer.swift */,
			);
			name = "Task Detail";
			sourceTree = "<group>";
		};
		31064922A433873C68F12321 /* Pods */ = {
			isa = PBXGroup;
			children = (
				8E2A15387B0FE23B10C53B40 /* Pods-ViperTaskManager.debug.xcconfig */,
				F52C46C2C5BA8BE403641885 /* Pods-ViperTaskManager.release.xcconfig */,
				298C3280F03C0BC5FF240CBE /* Pods-ViperTaskManager.debug.xcconfig */,
				7C816121021A9E8A9E8651BD /* Pods-ViperTaskManager.release.xcconfig */,
			);
			name = Pods;
			sourceTree = "<group>";
		};
		422C5765CADB31E4D6C51EC8 /* Frameworks */ = {
			isa = PBXGroup;
			children = (
				3EC8DA1BFEE159390711F943 /* Pods_ViperTaskManager.framework */,
				8B17782210EAB0C0964F1BE2 /* Pods_ViperTaskManager.framework */,
			);
			name = Frameworks;
			sourceTree = "<group>";
		};
/* End PBXGroup section */

/* Begin PBXNativeTarget section */
		1CC644EC1C84D5CD00BD9265 /* ViperTaskManager */ = {
			isa = PBXNativeTarget;
			buildConfigurationList = 1CC645011C84D5CD00BD9265 /* Build configuration list for PBXNativeTarget "ViperTaskManager" */;
			buildPhases = (
				D13B51DA3E30BA492C37789C /* [CP] Check Pods Manifest.lock */,
				1CC644E91C84D5CD00BD9265 /* Sources */,
				1CC644EA1C84D5CD00BD9265 /* Frameworks */,
				1CC644EB1C84D5CD00BD9265 /* Resources */,
				A8BA79282A0A6984C66C175E /* [CP] Embed Pods Frameworks */,
				996047669A85BB89B181E1C5 /* [CP] Copy Pods Resources */,
			);
			buildRules = (
			);
			dependencies = (
			);
			name = ViperTaskManager;
			productName = ViperWeather;
			productReference = 1CC644ED1C84D5CD00BD9265 /* ViperTaskManager.app */;
			productType = "com.apple.product-type.application";
		};
/* End PBXNativeTarget section */

/* Begin PBXProject section */
		1CC644E51C84D5CD00BD9265 /* Project object */ = {
			isa = PBXProject;
			attributes = {
				LastSwiftUpdateCheck = 0720;
				LastUpgradeCheck = 0810;
				ORGANIZATIONNAME = "One Fat Giraffe";
				TargetAttributes = {
					1CC644EC1C84D5CD00BD9265 = {
						CreatedOnToolsVersion = 7.1.1;
					};
				};
			};
			buildConfigurationList = 1CC644E81C84D5CD00BD9265 /* Build configuration list for PBXProject "ViperTaskManager" */;
			compatibilityVersion = "Xcode 6.3";
			developmentRegion = English;
			hasScannedForEncodings = 0;
			knownRegions = (
				en,
				Base,
			);
			mainGroup = 1CC644E41C84D5CD00BD9265;
			productRefGroup = 1CC644EE1C84D5CD00BD9265 /* Products */;
			projectDirPath = "";
			projectRoot = "";
			targets = (
				1CC644EC1C84D5CD00BD9265 /* ViperTaskManager */,
			);
		};
/* End PBXProject section */

/* Begin PBXResourcesBuildPhase section */
		1CC644EB1C84D5CD00BD9265 /* Resources */ = {
			isa = PBXResourcesBuildPhase;
			buildActionMask = 2147483647;
			files = (
				1CC645401C84DF1900BD9265 /* Root.storyboard in Resources */,
				1CC644FD1C84D5CD00BD9265 /* LaunchScreen.storyboard in Resources */,
				1CC645471C84DF1900BD9265 /* RootViewController.xib in Resources */,
				1CC644FA1C84D5CD00BD9265 /* Assets.xcassets in Resources */,
				1CC6452C1C84DD3F00BD9265 /* AddTableViewController.xib in Resources */,
				1CC645131C84DAA400BD9265 /* List.storyboard in Resources */,
				1CC364A41C875BE9007344F2 /* DetailViewController.xib in Resources */,
				1CF02AED1C8896B2008CEAEE /* TaskTableViewCell.xib in Resources */,
				1C0D01991C863BD000218409 /* ProjectTableViewCell.xib in Resources */,
				1CC644F81C84D5CD00BD9265 /* Main.storyboard in Resources */,
				1CC645261C84DD2100BD9265 /* ListTableViewController.xib in Resources */,
			);
			runOnlyForDeploymentPostprocessing = 0;
		};
/* End PBXResourcesBuildPhase section */

/* Begin PBXShellScriptBuildPhase section */
		996047669A85BB89B181E1C5 /* [CP] Copy Pods Resources */ = {
			isa = PBXShellScriptBuildPhase;
			buildActionMask = 2147483647;
			files = (
			);
			inputPaths = (
			);
			name = "[CP] Copy Pods Resources";
			outputPaths = (
			);
			runOnlyForDeploymentPostprocessing = 0;
			shellPath = /bin/sh;
			shellScript = "\"${SRCROOT}/Pods/Target Support Files/Pods-ViperTaskManager/Pods-ViperTaskManager-resources.sh\"\n";
			showEnvVarsInLog = 0;
		};
		A8BA79282A0A6984C66C175E /* [CP] Embed Pods Frameworks */ = {
			isa = PBXShellScriptBuildPhase;
			buildActionMask = 2147483647;
			files = (
			);
			inputPaths = (
			);
			name = "[CP] Embed Pods Frameworks";
			outputPaths = (
			);
			runOnlyForDeploymentPostprocessing = 0;
			shellPath = /bin/sh;
			shellScript = "\"${SRCROOT}/Pods/Target Support Files/Pods-ViperTaskManager/Pods-ViperTaskManager-frameworks.sh\"\n";
			showEnvVarsInLog = 0;
		};
		D13B51DA3E30BA492C37789C /* [CP] Check Pods Manifest.lock */ = {
			isa = PBXShellScriptBuildPhase;
			buildActionMask = 2147483647;
			files = (
			);
			inputPaths = (
			);
			name = "[CP] Check Pods Manifest.lock";
			outputPaths = (
			);
			runOnlyForDeploymentPostprocessing = 0;
			shellPath = /bin/sh;
			shellScript = "diff \"${PODS_ROOT}/../Podfile.lock\" \"${PODS_ROOT}/Manifest.lock\" > /dev/null\nif [ $? != 0 ] ; then\n    # print error to STDERR\n    echo \"error: The sandbox is not in sync with the Podfile.lock. Run 'pod install' or update your CocoaPods installation.\" >&2\n    exit 1\nfi\n";
			showEnvVarsInLog = 0;
		};
/* End PBXShellScriptBuildPhase section */

/* Begin PBXSourcesBuildPhase section */
		1CC644E91C84D5CD00BD9265 /* Sources */ = {
			isa = PBXSourcesBuildPhase;
			buildActionMask = 2147483647;
			files = (
				1CC3649F1C875B99007344F2 /* DetailRouter.swift in Sources */,
				1CC645451C84DF1900BD9265 /* RootRouter.swift in Sources */,
				1CC645461C84DF1900BD9265 /* RootViewController.swift in Sources */,
				1CC645441C84DF1900BD9265 /* RootPresenter.swift in Sources */,
				739374631DDEB6AD000C7108 /* Task.swift in Sources */,
				1CC645321C84DD9A00BD9265 /* ListRouter.swift in Sources */,
				1CC6452E1C84DD7800BD9265 /* ListPresenter.swift in Sources */,
				1CC3648D1C873EBE007344F2 /* NavigationController.swift in Sources */,
				1CC3649E1C875B99007344F2 /* DetailPresenter.swift in Sources */,
				1CC364881C86E5D3007344F2 /* ListDataManager.swift in Sources */,
				1C8AECC41C858BBD00FA0E2A /* AddDataManager.swift in Sources */,
				1CC645431C84DF1900BD9265 /* RootInteractor.swift in Sources */,
				1CC3649B1C875B99007344F2 /* DetailContainer.swift in Sources */,
				1C4F5AC21C84E8D500F4C14F /* AddRouter.swift in Sources */,
				1C4F5AC01C84E8D500F4C14F /* AddInteractor.swift in Sources */,
				1C4F5ABE1C84E8D500F4C14F /* AddAssembler.swift in Sources */,
				1C0D01981C863BD000218409 /* ProjectTableViewCell.swift in Sources */,
				1CF02AEC1C8896B2008CEAEE /* TaskTableViewCell.swift in Sources */,
				1CC3648B1C8720F9007344F2 /* MaterialColor.swift in Sources */,
				1CC645091C84D92500BD9265 /* ServiceLocatorContainer.swift in Sources */,
				1CC645071C84D92500BD9265 /* RouterHelper.swift in Sources */,
				1CC645411C84DF1900BD9265 /* RootAssembler.swift in Sources */,
				1CC645251C84DD2100BD9265 /* ListTableViewController.swift in Sources */,
				739374611DDEB6A1000C7108 /* Project.swift in Sources */,
				1CC645081C84D92500BD9265 /* ServiceLocatorAssembler.swift in Sources */,
				1CC644F11C84D5CD00BD9265 /* AppDelegate.swift in Sources */,
				1C4F5ABF1C84E8D500F4C14F /* AddContainer.swift in Sources */,
				1CAE2E1E1C8782E500EEC757 /* Constants.swift in Sources */,
				1CC3649A1C875B99007344F2 /* DetailAssembler.swift in Sources */,
				1CC364A31C875BE9007344F2 /* DetailViewController.swift in Sources */,
				1CC645301C84DD8800BD9265 /* ListInteractor.swift in Sources */,
				1CC3649C1C875B99007344F2 /* DetailDataManager.swift in Sources */,
				1CC3649D1C875B99007344F2 /* DetailInteractor.swift in Sources */,
				1CC645421C84DF1900BD9265 /* RootContainer.swift in Sources */,
				1C4F5AC11C84E8D500F4C14F /* AddPresenter.swift in Sources */,
				1CC645341C84DDAB00BD9265 /* ListAssembler.swift in Sources */,
				1CC645361C84DDB900BD9265 /* ListContainer.swift in Sources */,
				1CC6452B1C84DD3F00BD9265 /* AddTableViewController.swift in Sources */,
			);
			runOnlyForDeploymentPostprocessing = 0;
		};
/* End PBXSourcesBuildPhase section */

/* Begin PBXVariantGroup section */
		1CC644F61C84D5CD00BD9265 /* Main.storyboard */ = {
			isa = PBXVariantGroup;
			children = (
				1CC644F71C84D5CD00BD9265 /* Base */,
			);
			name = Main.storyboard;
			sourceTree = "<group>";
		};
		1CC644FB1C84D5CD00BD9265 /* LaunchScreen.storyboard */ = {
			isa = PBXVariantGroup;
			children = (
				1CC644FC1C84D5CD00BD9265 /* Base */,
			);
			name = LaunchScreen.storyboard;
			sourceTree = "<group>";
		};
/* End PBXVariantGroup section */

/* Begin XCBuildConfiguration section */
		1CC644FF1C84D5CD00BD9265 /* Debug */ = {
			isa = XCBuildConfiguration;
			buildSettings = {
				ALWAYS_SEARCH_USER_PATHS = NO;
				CLANG_CXX_LANGUAGE_STANDARD = "gnu++0x";
				CLANG_CXX_LIBRARY = "libc++";
				CLANG_ENABLE_MODULES = YES;
				CLANG_ENABLE_OBJC_ARC = YES;
				CLANG_WARN_BOOL_CONVERSION = YES;
				CLANG_WARN_CONSTANT_CONVERSION = YES;
				CLANG_WARN_DIRECT_OBJC_ISA_USAGE = YES_ERROR;
				CLANG_WARN_EMPTY_BODY = YES;
				CLANG_WARN_ENUM_CONVERSION = YES;
				CLANG_WARN_INFINITE_RECURSION = YES;
				CLANG_WARN_INT_CONVERSION = YES;
				CLANG_WARN_OBJC_ROOT_CLASS = YES_ERROR;
				CLANG_WARN_SUSPICIOUS_MOVE = YES;
				CLANG_WARN_UNREACHABLE_CODE = YES;
				CLANG_WARN__DUPLICATE_METHOD_MATCH = YES;
				"CODE_SIGN_IDENTITY[sdk=iphoneos*]" = "iPhone Developer";
				COPY_PHASE_STRIP = NO;
				DEBUG_INFORMATION_FORMAT = dwarf;
				ENABLE_STRICT_OBJC_MSGSEND = YES;
				ENABLE_TESTABILITY = YES;
				GCC_C_LANGUAGE_STANDARD = gnu99;
				GCC_DYNAMIC_NO_PIC = NO;
				GCC_NO_COMMON_BLOCKS = YES;
				GCC_OPTIMIZATION_LEVEL = 0;
				GCC_PREPROCESSOR_DEFINITIONS = (
					"DEBUG=1",
					"$(inherited)",
				);
				GCC_WARN_64_TO_32_BIT_CONVERSION = YES;
				GCC_WARN_ABOUT_RETURN_TYPE = YES_ERROR;
				GCC_WARN_UNDECLARED_SELECTOR = YES;
				GCC_WARN_UNINITIALIZED_AUTOS = YES_AGGRESSIVE;
				GCC_WARN_UNUSED_FUNCTION = YES;
				GCC_WARN_UNUSED_VARIABLE = YES;
				MTL_ENABLE_DEBUG_INFO = YES;
				ONLY_ACTIVE_ARCH = YES;
				SDKROOT = iphoneos;
				SWIFT_OPTIMIZATION_LEVEL = "-Onone";
			};
			name = Debug;
		};
		1CC645001C84D5CD00BD9265 /* Release */ = {
			isa = XCBuildConfiguration;
			buildSettings = {
				ALWAYS_SEARCH_USER_PATHS = NO;
				CLANG_CXX_LANGUAGE_STANDARD = "gnu++0x";
				CLANG_CXX_LIBRARY = "libc++";
				CLANG_ENABLE_MODULES = YES;
				CLANG_ENABLE_OBJC_ARC = YES;
				CLANG_WARN_BOOL_CONVERSION = YES;
				CLANG_WARN_CONSTANT_CONVERSION = YES;
				CLANG_WARN_DIRECT_OBJC_ISA_USAGE = YES_ERROR;
				CLANG_WARN_EMPTY_BODY = YES;
				CLANG_WARN_ENUM_CONVERSION = YES;
				CLANG_WARN_INFINITE_RECURSION = YES;
				CLANG_WARN_INT_CONVERSION = YES;
				CLANG_WARN_OBJC_ROOT_CLASS = YES_ERROR;
				CLANG_WARN_SUSPICIOUS_MOVE = YES;
				CLANG_WARN_UNREACHABLE_CODE = YES;
				CLANG_WARN__DUPLICATE_METHOD_MATCH = YES;
				"CODE_SIGN_IDENTITY[sdk=iphoneos*]" = "iPhone Developer";
				COPY_PHASE_STRIP = NO;
				DEBUG_INFORMATION_FORMAT = "dwarf-with-dsym";
				ENABLE_NS_ASSERTIONS = NO;
				ENABLE_STRICT_OBJC_MSGSEND = YES;
				GCC_C_LANGUAGE_STANDARD = gnu99;
				GCC_NO_COMMON_BLOCKS = YES;
				GCC_WARN_64_TO_32_BIT_CONVERSION = YES;
				GCC_WARN_ABOUT_RETURN_TYPE = YES_ERROR;
				GCC_WARN_UNDECLARED_SELECTOR = YES;
				GCC_WARN_UNINITIALIZED_AUTOS = YES_AGGRESSIVE;
				GCC_WARN_UNUSED_FUNCTION = YES;
				GCC_WARN_UNUSED_VARIABLE = YES;
				MTL_ENABLE_DEBUG_INFO = NO;
				SDKROOT = iphoneos;
				SWIFT_OPTIMIZATION_LEVEL = "-Owholemodule";
				VALIDATE_PRODUCT = YES;
			};
			name = Release;
		};
		1CC645021C84D5CD00BD9265 /* Debug */ = {
			isa = XCBuildConfiguration;
			baseConfigurationReference = 298C3280F03C0BC5FF240CBE /* Pods-ViperTaskManager.debug.xcconfig */;
			buildSettings = {
				ASSETCATALOG_COMPILER_APPICON_NAME = AppIcon;
				CLANG_ENABLE_MODULES = YES;
				CODE_SIGN_IDENTITY = "iPhone Developer";
				"CODE_SIGN_IDENTITY[sdk=iphoneos*]" = "iPhone Developer";
				INFOPLIST_FILE = "$(SRCROOT)/ViperTaskManager/Info.plist";
				LD_RUNPATH_SEARCH_PATHS = "$(inherited) @executable_path/Frameworks";
				PRODUCT_BUNDLE_IDENTIFIER = com.onefatgiraffe.ViperTaskManager;
				PRODUCT_NAME = "$(TARGET_NAME)";
				PROVISIONING_PROFILE = "";
				SWIFT_OPTIMIZATION_LEVEL = "-Onone";
				SWIFT_VERSION = 2.3;
			};
			name = Debug;
		};
		1CC645031C84D5CD00BD9265 /* Release */ = {
			isa = XCBuildConfiguration;
			baseConfigurationReference = 7C816121021A9E8A9E8651BD /* Pods-ViperTaskManager.release.xcconfig */;
			buildSettings = {
				ASSETCATALOG_COMPILER_APPICON_NAME = AppIcon;
				CLANG_ENABLE_MODULES = YES;
				CODE_SIGN_IDENTITY = "iPhone Developer";
				"CODE_SIGN_IDENTITY[sdk=iphoneos*]" = "iPhone Developer";
				INFOPLIST_FILE = "$(SRCROOT)/ViperTaskManager/Info.plist";
				LD_RUNPATH_SEARCH_PATHS = "$(inherited) @executable_path/Frameworks";
				PRODUCT_BUNDLE_IDENTIFIER = com.onefatgiraffe.ViperTaskManager;
				PRODUCT_NAME = "$(TARGET_NAME)";
				PROVISIONING_PROFILE = "";
				SWIFT_VERSION = 2.3;
			};
			name = Release;
		};
/* End XCBuildConfiguration section */

/* Begin XCConfigurationList section */
		1CC644E81C84D5CD00BD9265 /* Build configuration list for PBXProject "ViperTaskManager" */ = {
			isa = XCConfigurationList;
			buildConfigurations = (
				1CC644FF1C84D5CD00BD9265 /* Debug */,
				1CC645001C84D5CD00BD9265 /* Release */,
			);
			defaultConfigurationIsVisible = 0;
			defaultConfigurationName = Release;
		};
		1CC645011C84D5CD00BD9265 /* Build configuration list for PBXNativeTarget "ViperTaskManager" */ = {
			isa = XCConfigurationList;
			buildConfigurations = (
				1CC645021C84D5CD00BD9265 /* Debug */,
				1CC645031C84D5CD00BD9265 /* Release */,
			);
			defaultConfigurationIsVisible = 0;
			defaultConfigurationName = Release;
		};
/* End XCConfigurationList section */
	};
	rootObject = 1CC644E51C84D5CD00BD9265 /* Project object */;
}
